#MicroXplorer Configuration settings - do not modify
Mcu.Family=STM32F4
ProjectManager.MainLocation=Src
PA6.Mode=SD_4_bits_Wide_bus
ADC1.Rank-14\#ChannelRegularConversion=5
USART2.IPParameters=VirtualMode
Dma.USART6_RX.3.PeriphDataAlignment=DMA_PDATAALIGN_BYTE
RCC.CortexFreq_Value=50000000
Dma.SDIO_RX.1.PeriphDataAlignment=DMA_PDATAALIGN_WORD
ProjectManager.KeepUserCode=true
Mcu.UserName=STM32F411CCUx
ADC1.ContinuousConvMode=ENABLE
VP_FATFS_VS_SDIO.Mode=SDIO
RCC.PLLCLKFreq_Value=50000000
RCC.PLLQCLKFreq_Value=33333333.333333332
Dma.SDIO_RX.1.Mode=DMA_PFCTRL
Dma.SDIO_RX.1.Direction=DMA_PERIPH_TO_MEMORY
Dma.SDIO_RX.1.RequestParameters=Instance,Direction,PeriphInc,MemInc,PeriphDataAlignment,MemDataAlignment,Mode,Priority,FIFOMode,FIFOThreshold,MemBurst,PeriphBurst
ProjectManager.functionlistsort=1-MX_GPIO_Init-GPIO-false-HAL-true,2-MX_DMA_Init-DMA-false-HAL-true,3-SystemClock_Config-RCC-false-HAL-false,4-MX_ADC1_Init-ADC1-false-HAL-true,5-MX_USART1_UART_Init-USART1-false-HAL-true,6-MX_USART2_UART_Init-USART2-false-HAL-true,7-MX_SDIO_SD_Init-SDIO-false-HAL-true,8-MX_TIM4_Init-TIM4-false-HAL-true,9-MX_USART6_UART_Init-USART6-false-HAL-true,10-MX_FATFS_Init-FATFS-false-HAL-false,11-MX_CRC_Init-CRC-false-HAL-true
PA9.GPIOParameters=GPIO_PuPd
PA11.Mode=Asynchronous
RCC.RTCFreq_Value=32000
Dma.SDIO_RX.1.Priority=DMA_PRIORITY_LOW
FREERTOS.configTICK_RATE_HZ=1000
USART1.IPParameters=VirtualMode
ADC1.SamplingTime-12\#ChannelRegularConversion=ADC_SAMPLETIME_112CYCLES
PB13.Signal=GPIO_Output
PB15.Signal=SDIO_CK
ADC1.Channel-14\#ChannelRegularConversion=ADC_CHANNEL_7
PinOutPanel.RotationAngle=0
TIM4.TIM_MasterOutputTrigger=TIM_TRGO_RESET
RCC.SYSCLKSource=RCC_SYSCLKSOURCE_PLLCLK
ProjectManager.StackSize=0x4000
PB5.GPIOParameters=GPIO_PuPd
Dma.SDIO_RX.1.Instance=DMA2_Stream3
Dma.SDIO_TX.2.Mode=DMA_PFCTRL
Mcu.IP4=FREERTOS
Mcu.IP5=NVIC
RCC.FCLKCortexFreq_Value=50000000
Mcu.IP2=DMA
NVIC.SVCall_IRQn=true\:0\:0\:false\:false\:false\:false\:false\:false
Mcu.IP3=FATFS
Mcu.IP0=ADC1
PB4.GPIOParameters=GPIO_PuPd
Mcu.IP1=CRC
PA12.Signal=USART6_RX
Dma.USART6_RX.3.Priority=DMA_PRIORITY_LOW
Dma.SDIO_TX.2.MemDataAlignment=DMA_MDATAALIGN_WORD
Mcu.UserConstants=
ADC1.Channel-5\#ChannelRegularConversion=ADC_CHANNEL_0
VP_FATFS_VS_SDIO.Signal=FATFS_VS_SDIO
NVIC.TIM5_IRQn=true\:0\:0\:false\:false\:true\:false\:false\:true
Mcu.ThirdPartyNb=0
RCC.HCLKFreq_Value=50000000
Mcu.IPNb=13
ADC1.Resolution=ADC_RESOLUTION_10B
RCC.I2SClocksFreq_Value=96000000
ProjectManager.PreviousToolchain=
RCC.APB2TimFreq_Value=50000000
Dma.SDIO_RX.1.FIFOMode=DMA_FIFOMODE_ENABLE
SDIO.IPParameters=ClockDiv
Dma.ADC1.0.Direction=DMA_PERIPH_TO_MEMORY
RCC.VcooutputI2S=96000000
ADC1.InjNumberOfConversion=0
Dma.USART6_RX.3.Direction=DMA_PERIPH_TO_MEMORY
SH.ADCx_IN7.ConfNb=1
PA8.GPIOParameters=GPIO_PuPd
Mcu.Pin6=PA6
Mcu.Pin7=PA7
NVIC.DMA2_Stream0_IRQn=true\:5\:0\:false\:false\:true\:true\:false\:true
Mcu.Pin8=PB12
Mcu.Pin9=PB13
FREERTOS.IPParameters=Tasks01,configTICK_RATE_HZ
Dma.ADC1.0.MemDataAlignment=DMA_MDATAALIGN_HALFWORD
RCC.AHBFreq_Value=50000000
PB13.Locked=true
Mcu.Pin0=PA0-WKUP
Mcu.Pin1=PA1
Mcu.Pin2=PA2
Mcu.Pin3=PA3
Mcu.Pin4=PA4
Mcu.Pin5=PA5
ProjectManager.ProjectBuild=false
RCC.HSE_VALUE=8000000
NVIC.UsageFault_IRQn=true\:0\:0\:false\:false\:true\:false\:false\:false
NVIC.DebugMonitor_IRQn=true\:0\:0\:false\:false\:true\:false\:false\:false
PA4.Locked=true
Mcu.IP10=USART1
PA15.Mode=Asynchronous
NVIC.SysTick_IRQn=true\:15\:0\:false\:false\:false\:true\:false\:true
Mcu.IP12=USART6
Mcu.IP11=USART2
ProjectManager.FirmwarePackage=STM32Cube FW_F4 V1.24.2
MxDb.Version=DB.5.0.40
VP_SYS_VS_tim5.Signal=SYS_VS_tim5
PA6.GPIO_PuPd=GPIO_PULLUP
PB4.Mode=SD_4_bits_Wide_bus
ProjectManager.BackupPrevious=false
RCC.VCOInputFreq_Value=2000000
Dma.USART6_RX.3.MemDataAlignment=DMA_MDATAALIGN_BYTE
SH.ADCx_IN1.ConfNb=1
Dma.ADC1.0.PeriphInc=DMA_PINC_DISABLE
PB5.Mode=SD_4_bits_Wide_bus
File.Version=6
Dma.SDIO_TX.2.Direction=DMA_MEMORY_TO_PERIPH
PA8.Signal=SDIO_D1
SH.ADCx_IN0.0=ADC1_IN0,IN0
SH.ADCx_IN4.ConfNb=1
NVIC.PendSV_IRQn=true\:15\:0\:false\:false\:false\:true\:false\:false
TIM4.Period=10-1
VP_FREERTOS_VS_CMSIS_V1.Mode=CMSIS_V1
Dma.RequestsNb=4
ProjectManager.HalAssertFull=false
ProjectManager.ProjectName=INSOLE_L_KW
Mcu.Package=UFQFPN48
PA6.Signal=SDIO_CMD
PA5.Locked=true
PA7.Locked=true
NVIC.TimeBase=TIM5_IRQn
USART2.VirtualMode=VM_ASYNC
USART6.VirtualMode=VM_ASYNC
ADC1.SamplingTime-13\#ChannelRegularConversion=ADC_SAMPLETIME_112CYCLES
Dma.SDIO_TX.2.PeriphBurst=DMA_PBURST_INC4
ProjectManager.ToolChainLocation=
RCC.LSI_VALUE=32000
NVIC.TimeBaseIP=TIM5
PA10.Signal=USART1_RX
PA15.Signal=USART1_TX
Dma.SDIO_RX.1.PeriphBurst=DMA_PBURST_INC4
SH.ADCx_IN1.0=ADC1_IN1,IN1
Dma.SDIO_TX.2.RequestParameters=Instance,Direction,PeriphInc,MemInc,PeriphDataAlignment,MemDataAlignment,Mode,Priority,FIFOMode,FIFOThreshold,MemBurst,PeriphBurst
Dma.Request2=SDIO_TX
Dma.Request1=SDIO_RX
RCC.APB1TimFreq_Value=50000000
Dma.Request3=USART6_RX
NVIC.BusFault_IRQn=true\:0\:0\:false\:false\:true\:false\:false\:false
Dma.ADC1.0.FIFOMode=DMA_FIFOMODE_DISABLE
NVIC.USART1_IRQn=true\:5\:0\:false\:false\:true\:true\:true\:true
Dma.Request0=ADC1
Dma.SDIO_TX.2.FIFOThreshold=DMA_FIFO_THRESHOLD_FULL
ProjectManager.CustomerFirmwarePackage=
PB4.Signal=SDIO_D0
PA3.Signal=USART2_RX
PA6.GPIOParameters=GPIO_PuPd
ADC1.Channel-10\#ChannelRegularConversion=ADC_CHANNEL_1
Dma.SDIO_TX.2.MemInc=DMA_MINC_ENABLE
ProjectManager.ProjectFileName=INSOLE_L_KW.ioc
Dma.ADC1.0.Instance=DMA2_Stream0
FREERTOS.Tasks01=defaultTask,0,128,StartDefaultTask,Default,NULL
PA10.Mode=Asynchronous
Mcu.PinsNb=25
ADC1.Rank-10\#ChannelRegularConversion=2
ProjectManager.NoMain=false
ADC1.IPParameters=Rank-5\#ChannelRegularConversion,master,Channel-5\#ChannelRegularConversion,SamplingTime-5\#ChannelRegularConversion,NbrOfConversionFlag,NbrOfConversion,Resolution,ContinuousConvMode,DMAContinuousRequests,Rank-10\#ChannelRegularConversion,Channel-10\#ChannelRegularConversion,SamplingTime-10\#ChannelRegularConversion,InjNumberOfConversion,Rank-12\#ChannelRegularConversion,Channel-12\#ChannelRegularConversion,SamplingTime-12\#ChannelRegularConversion,Rank-13\#ChannelRegularConversion,Channel-13\#ChannelRegularConversion,SamplingTime-13\#ChannelRegularConversion,Rank-14\#ChannelRegularConversion,Channel-14\#ChannelRegularConversion,SamplingTime-14\#ChannelRegularConversion
USART6.IPParameters=VirtualMode
VP_SYS_VS_tim5.Mode=TIM5
ProjectManager.DefaultFWLocation=true
Dma.SDIO_TX.2.Instance=DMA2_Stream6
PB12.Locked=true
NVIC.DMA2_Stream1_IRQn=true\:5\:0\:false\:false\:true\:true\:false\:true
ProjectManager.DeletePrevious=true
ADC1.Channel-13\#ChannelRegularConversion=ADC_CHANNEL_5
PB14.Locked=true
RCC.APB1CLKDivider=RCC_HCLK_DIV2
PA9.GPIO_PuPd=GPIO_PULLUP
NVIC.SDIO_IRQn=true\:5\:0\:false\:false\:true\:true\:true\:true
RCC.FamilyName=M
PA0-WKUP.Signal=ADCx_IN0
PA0-WKUP.Locked=true
Dma.SDIO_RX.1.PeriphInc=DMA_PINC_DISABLE
NVIC.USART6_IRQn=true\:5\:0\:false\:false\:true\:true\:true\:true
FATFS.IPParameters=_MAX_SS
PA3.Mode=Asynchronous
ADC1.Rank-13\#ChannelRegularConversion=4
VP_FREERTOS_VS_CMSIS_V1.Signal=FREERTOS_VS_CMSIS_V1
Dma.ADC1.0.PeriphDataAlignment=DMA_PDATAALIGN_HALFWORD
PA9.Mode=SD_4_bits_Wide_bus
VP_TIM4_VS_ClockSourceINT.Signal=TIM4_VS_ClockSourceINT
ProjectManager.TargetToolchain=MDK-ARM V5
TIM4.IPParameters=Prescaler,Period,TIM_MasterOutputTrigger
SH.ADCx_IN7.0=ADC1_IN7,IN7
Dma.ADC1.0.Mode=DMA_CIRCULAR
VP_CRC_VS_CRC.Signal=CRC_VS_CRC
Dma.ADC1.0.Priority=DMA_PRIORITY_LOW
PA9.Signal=SDIO_D2
RCC.VCOInputMFreq_Value=1000000
Dma.SDIO_TX.2.PeriphDataAlignment=DMA_PDATAALIGN_WORD
PB4.GPIO_PuPd=GPIO_PULLUP
SDIO.ClockDiv=3
NVIC.DMA2_Stream3_IRQn=true\:5\:0\:false\:false\:true\:true\:false\:true
NVIC.DMA2_Stream6_IRQn=true\:5\:0\:false\:false\:true\:true\:false\:true
TIM4.Prescaler=5000-1
RCC.LSE_VALUE=32768
PA1.Signal=ADCx_IN1
Dma.SDIO_RX.1.MemDataAlignment=DMA_MDATAALIGN_WORD
Dma.SDIO_RX.1.FIFOThreshold=DMA_FIFO_THRESHOLD_FULL
RCC.VCOI2SOutputFreq_Value=192000000
PB14.Signal=GPIO_Output
PA5.Signal=ADCx_IN5
board=custom
Dma.SDIO_RX.1.MemBurst=DMA_MBURST_INC4
ADC1.Rank-12\#ChannelRegularConversion=3
RCC.VCOOutputFreq_Value=100000000
ProjectManager.LastFirmware=true
PB15.Mode=SD_4_bits_Wide_bus
ADC1.SamplingTime-14\#ChannelRegularConversion=ADC_SAMPLETIME_112CYCLES
Dma.USART6_RX.3.PeriphInc=DMA_PINC_DISABLE
Dma.ADC1.0.RequestParameters=Instance,Direction,PeriphInc,MemInc,PeriphDataAlignment,MemDataAlignment,Mode,Priority,FIFOMode
ADC1.Channel-12\#ChannelRegularConversion=ADC_CHANNEL_4
RCC.APB2Freq_Value=50000000
MxCube.Version=5.4.0
Dma.USART6_RX.3.Mode=DMA_CIRCULAR
SH.ADCx_IN0.ConfNb=1
RCC.EthernetFreq_Value=50000000
SH.ADCx_IN4.0=ADC1_IN4,IN4
NVIC.NonMaskableInt_IRQn=true\:0\:0\:false\:false\:true\:false\:false\:false
ADC1.DMAContinuousRequests=ENABLE
ADC1.SamplingTime-10\#ChannelRegularConversion=ADC_SAMPLETIME_112CYCLES
ADC1.NbrOfConversion=5
ProjectManager.FreePins=false
RCC.IPParameters=48MHZClocksFreq_Value,AHBFreq_Value,APB1CLKDivider,APB1Freq_Value,APB1TimFreq_Value,APB2Freq_Value,APB2TimFreq_Value,CortexFreq_Value,EthernetFreq_Value,FCLKCortexFreq_Value,FamilyName,HCLKFreq_Value,HSE_VALUE,HSI_VALUE,I2SClocksFreq_Value,LSE_VALUE,LSI_VALUE,PLLCLKFreq_Value,PLLM,PLLN,PLLQ,PLLQCLKFreq_Value,RTCFreq_Value,RTCHSEDivFreq_Value,SYSCLKFreq_VALUE,SYSCLKSource,VCOI2SOutputFreq_Value,VCOInputFreq_Value,VCOInputMFreq_Value,VCOOutputFreq_Value,VcooutputI2S
ProjectManager.AskForMigrate=false
Mcu.Name=STM32F411C(C-E)Ux
RCC.RTCHSEDivFreq_Value=4000000
PA2.Signal=USART2_TX
Mcu.Pin24=VP_TIM4_VS_ClockSourceINT
ProjectManager.UnderRoot=false
Dma.SDIO_TX.2.Priority=DMA_PRIORITY_LOW
FATFS._MAX_SS=4096
Mcu.IP8=SYS
Mcu.IP9=TIM4
Mcu.IP6=RCC
Mcu.IP7=SDIO
ProjectManager.CoupleFile=false
RCC.48MHZClocksFreq_Value=33333333.333333332
PA4.Signal=ADCx_IN4
RCC.SYSCLKFreq_VALUE=50000000
PB5.Signal=SDIO_D3
Mcu.Pin22=VP_FREERTOS_VS_CMSIS_V1
Mcu.Pin23=VP_SYS_VS_tim5
PA1.Locked=true
Mcu.Pin20=VP_CRC_VS_CRC
ADC1.master=1
Mcu.Pin21=VP_FATFS_VS_SDIO
PA12.Mode=Asynchronous
NVIC.ForceEnableDMAVector=true
KeepUserPlacement=false
PB5.GPIO_PuPd=GPIO_PULLUP
NVIC.MemoryManagement_IRQn=true\:0\:0\:false\:false\:true\:false\:false\:false
USART1.VirtualMode=VM_ASYNC
ProjectManager.CompilerOptimize=6
Dma.USART6_RX.3.RequestParameters=Instance,Direction,PeriphInc,MemInc,PeriphDataAlignment,MemDataAlignment,Mode,Priority,FIFOMode
PA11.Signal=USART6_TX
Dma.ADC1.0.MemInc=DMA_MINC_ENABLE
Dma.SDIO_TX.2.MemBurst=DMA_MBURST_INC4
Dma.USART6_RX.3.Instance=DMA2_Stream1
ProjectManager.HeapSize=0x2000
Mcu.Pin15=PA11
NVIC.HardFault_IRQn=true\:0\:0\:false\:false\:true\:false\:false\:false
Mcu.Pin16=PA12
Dma.SDIO_RX.1.MemInc=DMA_MINC_ENABLE
Dma.SDIO_TX.2.FIFOMode=DMA_FIFOMODE_ENABLE
Mcu.Pin13=PA9
Mcu.Pin14=PA10
Dma.USART6_RX.3.FIFOMode=DMA_FIFOMODE_DISABLE
Mcu.Pin19=PB5
ADC1.SamplingTime-5\#ChannelRegularConversion=ADC_SAMPLETIME_112CYCLES
ProjectManager.ComputerToolchain=false
Mcu.Pin17=PA15
RCC.HSI_VALUE=16000000
PA8.GPIO_PuPd=GPIO_PULLUP
Mcu.Pin18=PB4
SH.ADCx_IN5.0=ADC1_IN5,IN5
VP_TIM4_VS_ClockSourceINT.Mode=Internal
Dma.USART6_RX.3.MemInc=DMA_MINC_ENABLE
RCC.PLLQ=3
NVIC.PriorityGroup=NVIC_PRIORITYGROUP_4
ADC1.NbrOfConversionFlag=1
Mcu.Pin11=PB15
Mcu.Pin12=PA8
RCC.PLLM=8
RCC.PLLN=50
Mcu.Pin10=PB14
PA2.Mode=Asynchronous
Dma.SDIO_TX.2.PeriphInc=DMA_PINC_DISABLE
PA8.Mode=SD_4_bits_Wide_bus
SH.ADCx_IN5.ConfNb=1
NVIC.TIM4_IRQn=true\:5\:0\:false\:false\:true\:true\:true\:true
RCC.APB1Freq_Value=25000000
VP_CRC_VS_CRC.Mode=CRC_Activate
ADC1.Rank-5\#ChannelRegularConversion=1
ProjectManager.DeviceId=STM32F411CCUx
PB12.Signal=GPIO_Output
ProjectManager.LibraryCopy=0
PA7.Signal=ADCx_IN7
